
Microsoft Visual Studio Solution File, Format Version 12.00
# Visual Studio 15
VisualStudioVersion = 15.0.27428.2015
MinimumVisualStudioVersion = 10.0.40219.1
Project("{FAE04EC0-301F-11D3-BF4B-00C04F79EFBC}") = "MyWebApp", "MyWebApp\MyWebApp.csproj", "{5FB185DD-B9AB-454C-BFF2-22511DEA14AD}"
EndProject
Project("{FAE04EC0-301F-11D3-BF4B-00C04F79EFBC}") = "MyTestMVC", "MVC\MyTestMVC.csproj", "{CD945435-9B67-4949-AA7E-635FDBB99D39}"
EndProject
Project("{FAE04EC0-301F-11D3-BF4B-00C04F79EFBC}") = "StudentsExam", "StudentsExam\StudentsExam.csproj", "{913EEE4C-A89B-4038-8DA7-C1A70F7FBFE4}"
EndProject
Global
	GlobalSection(SolutionConfigurationPlatforms) = preSolution
		Debug|Any CPU = Debug|Any CPU
		Release|Any CPU = Release|Any CPU
	EndGlobalSection
	GlobalSection(ProjectConfigurationPlatforms) = postSolution
		{5FB185DD-B9AB-454C-BFF2-22511DEA14AD}.Debug|Any CPU.ActiveCfg = Debug|Any CPU
		{5FB185DD-B9AB-454C-BFF2-22511DEA14AD}.Debug|Any CPU.Build.0 = Debug|Any CPU
		{5FB185DD-B9AB-454C-BFF2-22511DEA14AD}.Release|Any CPU.ActiveCfg = Release|Any CPU
		{5FB185DD-B9AB-454C-BFF2-22511DEA14AD}.Release|Any CPU.Build.0 = Release|Any CPU
		{CD945435-9B67-4949-AA7E-635FDBB99D39}.Debug|Any CPU.ActiveCfg = Debug|Any CPU
		{CD945435-9B67-4949-AA7E-635FDBB99D39}.Debug|Any CPU.Build.0 = Debug|Any CPU
		{CD945435-9B67-4949-AA7E-635FDBB99D39}.Release|Any CPU.ActiveCfg = Release|Any CPU
		{CD945435-9B67-4949-AA7E-635FDBB99D39}.Release|Any CPU.Build.0 = Release|Any CPU
		{913EEE4C-A89B-4038-8DA7-C1A70F7FBFE4}.Debug|Any CPU.ActiveCfg = Debug|Any CPU
		{913EEE4C-A89B-4038-8DA7-C1A70F7FBFE4}.Debug|Any CPU.Build.0 = Debug|Any CPU
		{913EEE4C-A89B-4038-8DA7-C1A70F7FBFE4}.Release|Any CPU.ActiveCfg = Release|Any CPU
		{913EEE4C-A89B-4038-8DA7-C1A70F7FBFE4}.Release|Any CPU.Build.0 = Release|Any CPU
	EndGlobalSection
	GlobalSection(SolutionProperties) = preSolution
		HideSolutionNode = FALSE
	EndGlobalSection
	GlobalSection(ExtensibilityGlobals) = postSolution
		SolutionGuid = {024C7801-3CE7-40AB-AA20-1D63808DEF75}
	EndGlobalSection
EndGlobal
