
Microsoft Visual Studio Solution File, Format Version 12.00
# Visual Studio 15
VisualStudioVersion = 15.0.28307.329
MinimumVisualStudioVersion = 10.0.40219.1
Project("{FAE04EC0-301F-11D3-BF4B-00C04F79EFBC}") = "SPA", "SPA\SPA.csproj", "{1CD5CCE1-E1AE-44DE-A643-DE2FC93B253E}"
EndProject
Global
	GlobalSection(SolutionConfigurationPlatforms) = preSolution
		Debug|Any CPU = Debug|Any CPU
		Release|Any CPU = Release|Any CPU
	EndGlobalSection
	GlobalSection(ProjectConfigurationPlatforms) = postSolution
		{1CD5CCE1-E1AE-44DE-A643-DE2FC93B253E}.Debug|Any CPU.ActiveCfg = Debug|Any CPU
		{1CD5CCE1-E1AE-44DE-A643-DE2FC93B253E}.Debug|Any CPU.Build.0 = Debug|Any CPU
		{1CD5CCE1-E1AE-44DE-A643-DE2FC93B253E}.Release|Any CPU.ActiveCfg = Release|Any CPU
		{1CD5CCE1-E1AE-44DE-A643-DE2FC93B253E}.Release|Any CPU.Build.0 = Release|Any CPU
	EndGlobalSection
	GlobalSection(SolutionProperties) = preSolution
		HideSolutionNode = FALSE
	EndGlobalSection
	GlobalSection(ExtensibilityGlobals) = postSolution
		SolutionGuid = {98421419-3612-4842-9D06-FA6196DCFBBE}
	EndGlobalSection
EndGlobal
